
Microsoft Visual Studio Solution File, Format Version 12.00
# Visual Studio 15
VisualStudioVersion = 15.0.28307.960
MinimumVisualStudioVersion = 10.0.40219.1
Project("{FAE04EC0-301F-11D3-BF4B-00C04F79EFBC}") = "senai.Filmes.webapi", "senai.Filmes.webapi\senai.Filmes.webapi.csproj", "{728D7CA0-7E30-429C-B1EF-D304351D6659}"
EndProject
Global
	GlobalSection(SolutionConfigurationPlatforms) = preSolution
		Debug|Any CPU = Debug|Any CPU
		Release|Any CPU = Release|Any CPU
	EndGlobalSection
	GlobalSection(ProjectConfigurationPlatforms) = postSolution
		{728D7CA0-7E30-429C-B1EF-D304351D6659}.Debug|Any CPU.ActiveCfg = Debug|Any CPU
		{728D7CA0-7E30-429C-B1EF-D304351D6659}.Debug|Any CPU.Build.0 = Debug|Any CPU
		{728D7CA0-7E30-429C-B1EF-D304351D6659}.Release|Any CPU.ActiveCfg = Release|Any CPU
		{728D7CA0-7E30-429C-B1EF-D304351D6659}.Release|Any CPU.Build.0 = Release|Any CPU
	EndGlobalSection
	GlobalSection(SolutionProperties) = preSolution
		HideSolutionNode = FALSE
	EndGlobalSection
	GlobalSection(ExtensibilityGlobals) = postSolution
		SolutionGuid = {7211CCDF-3F7A-4F94-A733-0FD0FC4E58CF}
	EndGlobalSection
EndGlobal
